
Microsoft Visual Studio Solution File, Format Version 12.00
# Visual Studio Version 17
VisualStudioVersion = 17.7.34018.315
MinimumVisualStudioVersion = 10.0.40219.1
Project("{FAE04EC0-301F-11D3-BF4B-00C04F79EFBC}") = "DoAn_CuoiKy", "DoAn_CuoiKy\DoAn_CuoiKy.csproj", "{93B7E156-165D-484B-921A-417904F835CA}"
EndProject
Global
	GlobalSection(SolutionConfigurationPlatforms) = preSolution
		Debug|Any CPU = Debug|Any CPU
		Release|Any CPU = Release|Any CPU
	EndGlobalSection
	GlobalSection(ProjectConfigurationPlatforms) = postSolution
		{93B7E156-165D-484B-921A-417904F835CA}.Debug|Any CPU.ActiveCfg = Debug|Any CPU
		{93B7E156-165D-484B-921A-417904F835CA}.Debug|Any CPU.Build.0 = Debug|Any CPU
		{93B7E156-165D-484B-921A-417904F835CA}.Release|Any CPU.ActiveCfg = Release|Any CPU
		{93B7E156-165D-484B-921A-417904F835CA}.Release|Any CPU.Build.0 = Release|Any CPU
	EndGlobalSection
	GlobalSection(SolutionProperties) = preSolution
		HideSolutionNode = FALSE
	EndGlobalSection
	GlobalSection(ExtensibilityGlobals) = postSolution
		SolutionGuid = {926DD1DF-D3B0-488A-A577-DF497B6AC29C}
	EndGlobalSection
EndGlobal
